
Microsoft Visual Studio Solution File, Format Version 12.00
Project("{FAE04EC0-301F-11D3-BF4B-00C04F79EFBC}") = "Example.Producer", "src\Example.Producer\Example.Producer.csproj", "{90B190B0-E913-4A69-A421-D7E03AD075DC}"
EndProject
Project("{FAE04EC0-301F-11D3-BF4B-00C04F79EFBC}") = "Example.Consumers", "src\Example.Consumers\Example.Consumers.csproj", "{56705896-F850-4712-8D35-FB30FAD7076B}"
EndProject
Global
	GlobalSection(SolutionConfigurationPlatforms) = preSolution
		Debug|Any CPU = Debug|Any CPU
		Release|Any CPU = Release|Any CPU
	EndGlobalSection
	GlobalSection(ProjectConfigurationPlatforms) = postSolution
		{90B190B0-E913-4A69-A421-D7E03AD075DC}.Debug|Any CPU.ActiveCfg = Debug|Any CPU
		{90B190B0-E913-4A69-A421-D7E03AD075DC}.Debug|Any CPU.Build.0 = Debug|Any CPU
		{90B190B0-E913-4A69-A421-D7E03AD075DC}.Release|Any CPU.ActiveCfg = Release|Any CPU
		{90B190B0-E913-4A69-A421-D7E03AD075DC}.Release|Any CPU.Build.0 = Release|Any CPU
		{56705896-F850-4712-8D35-FB30FAD7076B}.Debug|Any CPU.ActiveCfg = Debug|Any CPU
		{56705896-F850-4712-8D35-FB30FAD7076B}.Debug|Any CPU.Build.0 = Debug|Any CPU
		{56705896-F850-4712-8D35-FB30FAD7076B}.Release|Any CPU.ActiveCfg = Release|Any CPU
		{56705896-F850-4712-8D35-FB30FAD7076B}.Release|Any CPU.Build.0 = Release|Any CPU
	EndGlobalSection
EndGlobal
